// !$*UTF8*$!
{
	archiveVersion = 1;
	classes = {
	};
	objectVersion = 46;
	objects = {

/* Begin PBXBuildFile section */
		ADF59E8B1E5C90AB007A0BAB /* AppDelegate.swift in Sources */ = {isa = PBXBuildFile; fileRef = ADF59E8A1E5C90AB007A0BAB /* AppDelegate.swift */; };
		ADF59E8D1E5C90AB007A0BAB /* ViewController.swift in Sources */ = {isa = PBXBuildFile; fileRef = ADF59E8C1E5C90AB007A0BAB /* ViewController.swift */; };
		ADF59E901E5C90AB007A0BAB /* Main.storyboard in Resources */ = {isa = PBXBuildFile; fileRef = ADF59E8E1E5C90AB007A0BAB /* Main.storyboard */; };
		ADF59E921E5C90AB007A0BAB /* Assets.xcassets in Resources */ = {isa = PBXBuildFile; fileRef = ADF59E911E5C90AB007A0BAB /* Assets.xcassets */; };
		ADF59E951E5C90AB007A0BAB /* LaunchScreen.storyboard in Resources */ = {isa = PBXBuildFile; fileRef = ADF59E931E5C90AB007A0BAB /* LaunchScreen.storyboard */; };
		ADF59EA01E5C90AB007A0BAB /* CUPUSTests.swift in Sources */ = {isa = PBXBuildFile; fileRef = ADF59E9F1E5C90AB007A0BAB /* CUPUSTests.swift */; };
		ADF59EAB1E5C90AC007A0BAB /* CUPUSUITests.swift in Sources */ = {isa = PBXBuildFile; fileRef = ADF59EAA1E5C90AC007A0BAB /* CUPUSUITests.swift */; };
/* End PBXBuildFile section */

/* Begin PBXContainerItemProxy section */
		ADF59E9C1E5C90AB007A0BAB /* PBXContainerItemProxy */ = {
			isa = PBXContainerItemProxy;
			containerPortal = ADF59E7F1E5C90AB007A0BAB /* Project object */;
			proxyType = 1;
			remoteGlobalIDString = ADF59E861E5C90AB007A0BAB;
			remoteInfo = CUPUS;
		};
		ADF59EA71E5C90AC007A0BAB /* PBXContainerItemProxy */ = {
			isa = PBXContainerItemProxy;
			containerPortal = ADF59E7F1E5C90AB007A0BAB /* Project object */;
			proxyType = 1;
			remoteGlobalIDString = ADF59E861E5C90AB007A0BAB;
			remoteInfo = CUPUS;
		};
/* End PBXContainerItemProxy section */

/* Begin PBXFileReference section */
		ADF59E871E5C90AB007A0BAB /* CUPUS.app */ = {isa = PBXFileReference; explicitFileType = wrapper.application; includeInIndex = 0; path = CUPUS.app; sourceTree = BUILT_PRODUCTS_DIR; };
		ADF59E8A1E5C90AB007A0BAB /* AppDelegate.swift */ = {isa = PBXFileReference; lastKnownFileType = sourcecode.swift; path = AppDelegate.swift; sourceTree = "<group>"; };
		ADF59E8C1E5C90AB007A0BAB /* ViewController.swift */ = {isa = PBXFileReference; lastKnownFileType = sourcecode.swift; path = ViewController.swift; sourceTree = "<group>"; };
		ADF59E8F1E5C90AB007A0BAB /* Base */ = {isa = PBXFileReference; lastKnownFileType = file.storyboard; name = Base; path = Base.lproj/Main.storyboard; sourceTree = "<group>"; };
		ADF59E911E5C90AB007A0BAB /* Assets.xcassets */ = {isa = PBXFileReference; lastKnownFileType = folder.assetcatalog; path = Assets.xcassets; sourceTree = "<group>"; };
		ADF59E941E5C90AB007A0BAB /* Base */ = {isa = PBXFileReference; lastKnownFileType = file.storyboard; name = Base; path = Base.lproj/LaunchScreen.storyboard; sourceTree = "<group>"; };
		ADF59E961E5C90AB007A0BAB /* Info.plist */ = {isa = PBXFileReference; lastKnownFileType = text.plist.xml; path = Info.plist; sourceTree = "<group>"; };
		ADF59E9B1E5C90AB007A0BAB /* CUPUSTests.xctest */ = {isa = PBXFileReference; explicitFileType = wrapper.cfbundle; includeInIndex = 0; path = CUPUSTests.xctest; sourceTree = BUILT_PRODUCTS_DIR; };
		ADF59E9F1E5C90AB007A0BAB /* CUPUSTests.swift */ = {isa = PBXFileReference; lastKnownFileType = sourcecode.swift; path = CUPUSTests.swift; sourceTree = "<group>"; };
		ADF59EA11E5C90AC007A0BAB /* Info.plist */ = {isa = PBXFileReference; lastKnownFileType = text.plist.xml; path = Info.plist; sourceTree = "<group>"; };
		ADF59EA61E5C90AC007A0BAB /* CUPUSUITests.xctest */ = {isa = PBXFileReference; explicitFileType = wrapper.cfbundle; includeInIndex = 0; path = CUPUSUITests.xctest; sourceTree = BUILT_PRODUCTS_DIR; };
		ADF59EAA1E5C90AC007A0BAB /* CUPUSUITests.swift */ = {isa = PBXFileReference; lastKnownFileType = sourcecode.swift; path = CUPUSUITests.swift; sourceTree = "<group>"; };
		ADF59EAC1E5C90AC007A0BAB /* Info.plist */ = {isa = PBXFileReference; lastKnownFileType = text.plist.xml; path = Info.plist; sourceTree = "<group>"; };
/* End PBXFileReference section */

/* Begin PBXFrameworksBuildPhase section */
		ADF59E841E5C90AB007A0BAB /* Frameworks */ = {
			isa = PBXFrameworksBuildPhase;
			buildActionMask = 2147483647;
			files = (
			);
			runOnlyForDeploymentPostprocessing = 0;
		};
		ADF59E981E5C90AB007A0BAB /* Frameworks */ = {
			isa = PBXFrameworksBuildPhase;
			buildActionMask = 2147483647;
			files = (
			);
			runOnlyForDeploymentPostprocessing = 0;
		};
		ADF59EA31E5C90AC007A0BAB /* Frameworks */ = {
			isa = PBXFrameworksBuildPhase;
			buildActionMask = 2147483647;
			files = (
			);
			runOnlyForDeploymentPostprocessing = 0;
		};
/* End PBXFrameworksBuildPhase section */

/* Begin PBXGroup section */
		ADF59E7E1E5C90AB007A0BAB = {
			isa = PBXGroup;
			children = (
				ADF59E891E5C90AB007A0BAB /* CUPUS */,
				ADF59E9E1E5C90AB007A0BAB /* CUPUSTests */,
				ADF59EA91E5C90AC007A0BAB /* CUPUSUITests */,
				ADF59E881E5C90AB007A0BAB /* Products */,
			);
			sourceTree = "<group>";
		};
		ADF59E881E5C90AB007A0BAB /* Products */ = {
			isa = PBXGroup;
			children = (
				ADF59E871E5C90AB007A0BAB /* CUPUS.app */,
				ADF59E9B1E5C90AB007A0BAB /* CUPUSTests.xctest */,
				ADF59EA61E5C90AC007A0BAB /* CUPUSUITests.xctest */,
			);
			name = Products;
			sourceTree = "<group>";
		};
		ADF59E891E5C90AB007A0BAB /* CUPUS */ = {
			isa = PBXGroup;
			children = (
				ADF59E8A1E5C90AB007A0BAB /* AppDelegate.swift */,
				ADF59E8C1E5C90AB007A0BAB /* ViewController.swift */,
				ADF59E8E1E5C90AB007A0BAB /* Main.storyboard */,
				ADF59E911E5C90AB007A0BAB /* Assets.xcassets */,
				ADF59E931E5C90AB007A0BAB /* LaunchScreen.storyboard */,
				ADF59E961E5C90AB007A0BAB /* Info.plist */,
			);
			path = CUPUS;
			sourceTree = "<group>";
		};
		ADF59E9E1E5C90AB007A0BAB /* CUPUSTests */ = {
			isa = PBXGroup;
			children = (
				ADF59E9F1E5C90AB007A0BAB /* CUPUSTests.swift */,
				ADF59EA11E5C90AC007A0BAB /* Info.plist */,
			);
			path = CUPUSTests;
			sourceTree = "<group>";
		};
		ADF59EA91E5C90AC007A0BAB /* CUPUSUITests */ = {
			isa = PBXGroup;
			children = (
				ADF59EAA1E5C90AC007A0BAB /* CUPUSUITests.swift */,
				ADF59EAC1E5C90AC007A0BAB /* Info.plist */,
			);
			path = CUPUSUITests;
			sourceTree = "<group>";
		};
/* End PBXGroup section */

/* Begin PBXNativeTarget section */
		ADF59E861E5C90AB007A0BAB /* CUPUS */ = {
			isa = PBXNativeTarget;
			buildConfigurationList = ADF59EAF1E5C90AC007A0BAB /* Build configuration list for PBXNativeTarget "CUPUS" */;
			buildPhases = (
				ADF59E831E5C90AB007A0BAB /* Sources */,
				ADF59E841E5C90AB007A0BAB /* Frameworks */,
				ADF59E851E5C90AB007A0BAB /* Resources */,
			);
			buildRules = (
			);
			dependencies = (
			);
			name = CUPUS;
			productName = CUPUS;
			productReference = ADF59E871E5C90AB007A0BAB /* CUPUS.app */;
			productType = "com.apple.product-type.application";
		};
		ADF59E9A1E5C90AB007A0BAB /* CUPUSTests */ = {
			isa = PBXNativeTarget;
			buildConfigurationList = ADF59EB21E5C90AC007A0BAB /* Build configuration list for PBXNativeTarget "CUPUSTests" */;
			buildPhases = (
				ADF59E971E5C90AB007A0BAB /* Sources */,
				ADF59E981E5C90AB007A0BAB /* Frameworks */,
				ADF59E991E5C90AB007A0BAB /* Resources */,
			);
			buildRules = (
			);
			dependencies = (
				ADF59E9D1E5C90AB007A0BAB /* PBXTargetDependency */,
			);
			name = CUPUSTests;
			productName = CUPUSTests;
			productReference = ADF59E9B1E5C90AB007A0BAB /* CUPUSTests.xctest */;
			productType = "com.apple.product-type.bundle.unit-test";
		};
		ADF59EA51E5C90AC007A0BAB /* CUPUSUITests */ = {
			isa = PBXNativeTarget;
			buildConfigurationList = ADF59EB51E5C90AC007A0BAB /* Build configuration list for PBXNativeTarget "CUPUSUITests" */;
			buildPhases = (
				ADF59EA21E5C90AC007A0BAB /* Sources */,
				ADF59EA31E5C90AC007A0BAB /* Frameworks */,
				ADF59EA41E5C90AC007A0BAB /* Resources */,
			);
			buildRules = (
			);
			dependencies = (
				ADF59EA81E5C90AC007A0BAB /* PBXTargetDependency */,
			);
			name = CUPUSUITests;
			productName = CUPUSUITests;
			productReference = ADF59EA61E5C90AC007A0BAB /* CUPUSUITests.xctest */;
			productType = "com.apple.product-type.bundle.ui-testing";
		};
/* End PBXNativeTarget section */

/* Begin PBXProject section */
		ADF59E7F1E5C90AB007A0BAB /* Project object */ = {
			isa = PBXProject;
			attributes = {
				LastSwiftUpdateCheck = 0820;
				LastUpgradeCheck = 0820;
				ORGANIZATIONNAME = fer;
				TargetAttributes = {
					ADF59E861E5C90AB007A0BAB = {
						CreatedOnToolsVersion = 8.2.1;
						DevelopmentTeam = XU2GV7VZT6;
						ProvisioningStyle = Automatic;
					};
					ADF59E9A1E5C90AB007A0BAB = {
						CreatedOnToolsVersion = 8.2.1;
						DevelopmentTeam = XU2GV7VZT6;
						ProvisioningStyle = Automatic;
						TestTargetID = ADF59E861E5C90AB007A0BAB;
					};
					ADF59EA51E5C90AC007A0BAB = {
						CreatedOnToolsVersion = 8.2.1;
						DevelopmentTeam = XU2GV7VZT6;
						ProvisioningStyle = Automatic;
						TestTargetID = ADF59E861E5C90AB007A0BAB;
					};
				};
			};
			buildConfigurationList = ADF59E821E5C90AB007A0BAB /* Build configuration list for PBXProject "CUPUS" */;
			compatibilityVersion = "Xcode 3.2";
			developmentRegion = English;
			hasScannedForEncodings = 0;
			knownRegions = (
				en,
				Base,
			);
			mainGroup = ADF59E7E1E5C90AB007A0BAB;
			productRefGroup = ADF59E881E5C90AB007A0BAB /* Products */;
			projectDirPath = "";
			projectRoot = "";
			targets = (
				ADF59E861E5C90AB007A0BAB /* CUPUS */,
				ADF59E9A1E5C90AB007A0BAB /* CUPUSTests */,
				ADF59EA51E5C90AC007A0BAB /* CUPUSUITests */,
			);
		};
/* End PBXProject section */

/* Begin PBXResourcesBuildPhase section */
		ADF59E851E5C90AB007A0BAB /* Resources */ = {
			isa = PBXResourcesBuildPhase;
			buildActionMask = 2147483647;
			files = (
				ADF59E951E5C90AB007A0BAB /* LaunchScreen.storyboard in Resources */,
				ADF59E921E5C90AB007A0BAB /* Assets.xcassets in Resources */,
				ADF59E901E5C90AB007A0BAB /* Main.storyboard in Resources */,
			);
			runOnlyForDeploymentPostprocessing = 0;
		};
		ADF59E991E5C90AB007A0BAB /* Resources */ = {
			isa = PBXResourcesBuildPhase;
			buildActionMask = 2147483647;
			files = (
			);
			runOnlyForDeploymentPostprocessing = 0;
		};
		ADF59EA41E5C90AC007A0BAB /* Resources */ = {
			isa = PBXResourcesBuildPhase;
			buildActionMask = 2147483647;
			files = (
			);
			runOnlyForDeploymentPostprocessing = 0;
		};
/* End PBXResourcesBuildPhase section */

/* Begin PBXSourcesBuildPhase section */
		ADF59E831E5C90AB007A0BAB /* Sources */ = {
			isa = PBXSourcesBuildPhase;
			buildActionMask = 2147483647;
			files = (
				ADF59E8D1E5C90AB007A0BAB /* ViewController.swift in Sources */,
				ADF59E8B1E5C90AB007A0BAB /* AppDelegate.swift in Sources */,
			);
			runOnlyForDeploymentPostprocessing = 0;
		};
		ADF59E971E5C90AB007A0BAB /* Sources */ = {
			isa = PBXSourcesBuildPhase;
			buildActionMask = 2147483647;
			files = (
				ADF59EA01E5C90AB007A0BAB /* CUPUSTests.swift in Sources */,
			);
			runOnlyForDeploymentPostprocessing = 0;
		};
		ADF59EA21E5C90AC007A0BAB /* Sources */ = {
			isa = PBXSourcesBuildPhase;
			buildActionMask = 2147483647;
			files = (
				ADF59EAB1E5C90AC007A0BAB /* CUPUSUITests.swift in Sources */,
			);
			runOnlyForDeploymentPostprocessing = 0;
		};
/* End PBXSourcesBuildPhase section */

/* Begin PBXTargetDependency section */
		ADF59E9D1E5C90AB007A0BAB /* PBXTargetDependency */ = {
			isa = PBXTargetDependency;
			target = ADF59E861E5C90AB007A0BAB /* CUPUS */;
			targetProxy = ADF59E9C1E5C90AB007A0BAB /* PBXContainerItemProxy */;
		};
		ADF59EA81E5C90AC007A0BAB /* PBXTargetDependency */ = {
			isa = PBXTargetDependency;
			target = ADF59E861E5C90AB007A0BAB /* CUPUS */;
			targetProxy = ADF59EA71E5C90AC007A0BAB /* PBXContainerItemProxy */;
		};
/* End PBXTargetDependency section */

/* Begin PBXVariantGroup section */
		ADF59E8E1E5C90AB007A0BAB /* Main.storyboard */ = {
			isa = PBXVariantGroup;
			children = (
				ADF59E8F1E5C90AB007A0BAB /* Base */,
			);
			name = Main.storyboard;
			sourceTree = "<group>";
		};
		ADF59E931E5C90AB007A0BAB /* LaunchScreen.storyboard */ = {
			isa = PBXVariantGroup;
			children = (
				ADF59E941E5C90AB007A0BAB /* Base */,
			);
			name = LaunchScreen.storyboard;
			sourceTree = "<group>";
		};
/* End PBXVariantGroup section */

/* Begin XCBuildConfiguration section */
		ADF59EAD1E5C90AC007A0BAB /* Debug */ = {
			isa = XCBuildConfiguration;
			buildSettings = {
				ALWAYS_SEARCH_USER_PATHS = NO;
				CLANG_ANALYZER_NONNULL = YES;
				CLANG_CXX_LANGUAGE_STANDARD = "gnu++0x";
				CLANG_CXX_LIBRARY = "libc++";
				CLANG_ENABLE_MODULES = YES;
				CLANG_ENABLE_OBJC_ARC = YES;
				CLANG_WARN_BOOL_CONVERSION = YES;
				CLANG_WARN_CONSTANT_CONVERSION = YES;
				CLANG_WARN_DIRECT_OBJC_ISA_USAGE = YES_ERROR;
				CLANG_WARN_DOCUMENTATION_COMMENTS = YES;
				CLANG_WARN_EMPTY_BODY = YES;
				CLANG_WARN_ENUM_CONVERSION = YES;
				CLANG_WARN_INFINITE_RECURSION = YES;
				CLANG_WARN_INT_CONVERSION = YES;
				CLANG_WARN_OBJC_ROOT_CLASS = YES_ERROR;
				CLANG_WARN_SUSPICIOUS_MOVE = YES;
				CLANG_WARN_UNREACHABLE_CODE = YES;
				CLANG_WARN__DUPLICATE_METHOD_MATCH = YES;
				"CODE_SIGN_IDENTITY[sdk=iphoneos*]" = "iPhone Developer";
				COPY_PHASE_STRIP = NO;
				DEBUG_INFORMATION_FORMAT = dwarf;
				ENABLE_STRICT_OBJC_MSGSEND = YES;
				ENABLE_TESTABILITY = YES;
				GCC_C_LANGUAGE_STANDARD = gnu99;
				GCC_DYNAMIC_NO_PIC = NO;
				GCC_NO_COMMON_BLOCKS = YES;
				GCC_OPTIMIZATION_LEVEL = 0;
				GCC_PREPROCESSOR_DEFINITIONS = (
					"DEBUG=1",
					"$(inherited)",
				);
				GCC_WARN_64_TO_32_BIT_CONVERSION = YES;
				GCC_WARN_ABOUT_RETURN_TYPE = YES_ERROR;
				GCC_WARN_UNDECLARED_SELECTOR = YES;
				GCC_WARN_UNINITIALIZED_AUTOS = YES_AGGRESSIVE;
				GCC_WARN_UNUSED_FUNCTION = YES;
				GCC_WARN_UNUSED_VARIABLE = YES;
				IPHONEOS_DEPLOYMENT_TARGET = 10.2;
				MTL_ENABLE_DEBUG_INFO = YES;
				ONLY_ACTIVE_ARCH = YES;
				SDKROOT = iphoneos;
				SWIFT_ACTIVE_COMPILATION_CONDITIONS = DEBUG;
				SWIFT_OPTIMIZATION_LEVEL = "-Onone";
				TARGETED_DEVICE_FAMILY = "1,2";
			};
			name = Debug;
		};
		ADF59EAE1E5C90AC007A0BAB /* Release */ = {
			isa = XCBuildConfiguration;
			buildSettings = {
				ALWAYS_SEARCH_USER_PATHS = NO;
				CLANG_ANALYZER_NONNULL = YES;
				CLANG_CXX_LANGUAGE_STANDARD = "gnu++0x";
				CLANG_CXX_LIBRARY = "libc++";
				CLANG_ENABLE_MODULES = YES;
				CLANG_ENABLE_OBJC_ARC = YES;
				CLANG_WARN_BOOL_CONVERSION = YES;
				CLANG_WARN_CONSTANT_CONVERSION = YES;
				CLANG_WARN_DIRECT_OBJC_ISA_USAGE = YES_ERROR;
				CLANG_WARN_DOCUMENTATION_COMMENTS = YES;
				CLANG_WARN_EMPTY_BODY = YES;
				CLANG_WARN_ENUM_CONVERSION = YES;
				CLANG_WARN_INFINITE_RECURSION = YES;
				CLANG_WARN_INT_CONVERSION = YES;
				CLANG_WARN_OBJC_ROOT_CLASS = YES_ERROR;
				CLANG_WARN_SUSPICIOUS_MOVE = YES;
				CLANG_WARN_UNREACHABLE_CODE = YES;
				CLANG_WARN__DUPLICATE_METHOD_MATCH = YES;
				"CODE_SIGN_IDENTITY[sdk=iphoneos*]" = "iPhone Developer";
				COPY_PHASE_STRIP = NO;
				DEBUG_INFORMATION_FORMAT = "dwarf-with-dsym";
				ENABLE_NS_ASSERTIONS = NO;
				ENABLE_STRICT_OBJC_MSGSEND = YES;
				GCC_C_LANGUAGE_STANDARD = gnu99;
				GCC_NO_COMMON_BLOCKS = YES;
				GCC_WARN_64_TO_32_BIT_CONVERSION = YES;
				GCC_WARN_ABOUT_RETURN_TYPE = YES_ERROR;
				GCC_WARN_UNDECLARED_SELECTOR = YES;
				GCC_WARN_UNINITIALIZED_AUTOS = YES_AGGRESSIVE;
				GCC_WARN_UNUSED_FUNCTION = YES;
				GCC_WARN_UNUSED_VARIABLE = YES;
				IPHONEOS_DEPLOYMENT_TARGET = 10.2;
				MTL_ENABLE_DEBUG_INFO = NO;
				SDKROOT = iphoneos;
				SWIFT_OPTIMIZATION_LEVEL = "-Owholemodule";
				TARGETED_DEVICE_FAMILY = "1,2";
				VALIDATE_PRODUCT = YES;
			};
			name = Release;
		};
		ADF59EB01E5C90AC007A0BAB /* Debug */ = {
			isa = XCBuildConfiguration;
			buildSettings = {
				ASSETCATALOG_COMPILER_APPICON_NAME = AppIcon;
				DEVELOPMENT_TEAM = XU2GV7VZT6;
				INFOPLIST_FILE = CUPUS/Info.plist;
				LD_RUNPATH_SEARCH_PATHS = "$(inherited) @executable_path/Frameworks";
				PRODUCT_BUNDLE_IDENTIFIER = com.undabot.CUPUS;
				PRODUCT_NAME = "$(TARGET_NAME)";
				SWIFT_VERSION = 3.0;
			};
			name = Debug;
		};
		ADF59EB11E5C90AC007A0BAB /* Release */ = {
			isa = XCBuildConfiguration;
			buildSettings = {
				ASSETCATALOG_COMPILER_APPICON_NAME = AppIcon;
				DEVELOPMENT_TEAM = XU2GV7VZT6;
				INFOPLIST_FILE = CUPUS/Info.plist;
				LD_RUNPATH_SEARCH_PATHS = "$(inherited) @executable_path/Frameworks";
				PRODUCT_BUNDLE_IDENTIFIER = com.undabot.CUPUS;
				PRODUCT_NAME = "$(TARGET_NAME)";
				SWIFT_VERSION = 3.0;
			};
			name = Release;
		};
		ADF59EB31E5C90AC007A0BAB /* Debug */ = {
			isa = XCBuildConfiguration;
			buildSettings = {
				ALWAYS_EMBED_SWIFT_STANDARD_LIBRARIES = YES;
				BUNDLE_LOADER = "$(TEST_HOST)";
				DEVELOPMENT_TEAM = XU2GV7VZT6;
				INFOPLIST_FILE = CUPUSTests/Info.plist;
				LD_RUNPATH_SEARCH_PATHS = "$(inherited) @executable_path/Frameworks @loader_path/Frameworks";
				PRODUCT_BUNDLE_IDENTIFIER = com.undabot.CUPUSTests;
				PRODUCT_NAME = "$(TARGET_NAME)";
				SWIFT_VERSION = 3.0;
				TEST_HOST = "$(BUILT_PRODUCTS_DIR)/CUPUS.app/CUPUS";
			};
			name = Debug;
		};
		ADF59EB41E5C90AC007A0BAB /* Release */ = {
			isa = XCBuildConfiguration;
			buildSettings = {
				ALWAYS_EMBED_SWIFT_STANDARD_LIBRARIES = YES;
				BUNDLE_LOADER = "$(TEST_HOST)";
				DEVELOPMENT_TEAM = XU2GV7VZT6;
				INFOPLIST_FILE = CUPUSTests/Info.plist;
				LD_RUNPATH_SEARCH_PATHS = "$(inherited) @executable_path/Frameworks @loader_path/Frameworks";
				PRODUCT_BUNDLE_IDENTIFIER = com.undabot.CUPUSTests;
				PRODUCT_NAME = "$(TARGET_NAME)";
				SWIFT_VERSION = 3.0;
				TEST_HOST = "$(BUILT_PRODUCTS_DIR)/CUPUS.app/CUPUS";
			};
			name = Release;
		};
		ADF59EB61E5C90AC007A0BAB /* Debug */ = {
			isa = XCBuildConfiguration;
			buildSettings = {
				ALWAYS_EMBED_SWIFT_STANDARD_LIBRARIES = YES;
				DEVELOPMENT_TEAM = XU2GV7VZT6;
				INFOPLIST_FILE = CUPUSUITests/Info.plist;
				LD_RUNPATH_SEARCH_PATHS = "$(inherited) @executable_path/Frameworks @loader_path/Frameworks";
				PRODUCT_BUNDLE_IDENTIFIER = com.undabot.CUPUSUITests;
				PRODUCT_NAME = "$(TARGET_NAME)";
				SWIFT_VERSION = 3.0;
				TEST_TARGET_NAME = CUPUS;
			};
			name = Debug;
		};
		ADF59EB71E5C90AC007A0BAB /* Release */ = {
			isa = XCBuildConfiguration;
			buildSettings = {
				ALWAYS_EMBED_SWIFT_STANDARD_LIBRARIES = YES;
				DEVELOPMENT_TEAM = XU2GV7VZT6;
				INFOPLIST_FILE = CUPUSUITests/Info.plist;
				LD_RUNPATH_SEARCH_PATHS = "$(inherited) @executable_path/Frameworks @loader_path/Frameworks";
				PRODUCT_BUNDLE_IDENTIFIER = com.undabot.CUPUSUITests;
				PRODUCT_NAME = "$(TARGET_NAME)";
				SWIFT_VERSION = 3.0;
				TEST_TARGET_NAME = CUPUS;
			};
			name = Release;
		};
/* End XCBuildConfiguration section */

/* Begin XCConfigurationList section */
		ADF59E821E5C90AB007A0BAB /* Build configuration list for PBXProject "CUPUS" */ = {
			isa = XCConfigurationList;
			buildConfigurations = (
				ADF59EAD1E5C90AC007A0BAB /* Debug */,
				ADF59EAE1E5C90AC007A0BAB /* Release */,
			);
			defaultConfigurationIsVisible = 0;
			defaultConfigurationName = Release;
		};
		ADF59EAF1E5C90AC007A0BAB /* Build configuration list for PBXNativeTarget "CUPUS" */ = {
			isa = XCConfigurationList;
			buildConfigurations = (
				ADF59EB01E5C90AC007A0BAB /* Debug */,
				ADF59EB11E5C90AC007A0BAB /* Release */,
			);
			defaultConfigurationIsVisible = 0;
		};
		ADF59EB21E5C90AC007A0BAB /* Build configuration list for PBXNativeTarget "CUPUSTests" */ = {
			isa = XCConfigurationList;
			buildConfigurations = (
				ADF59EB31E5C90AC007A0BAB /* Debug */,
				ADF59EB41E5C90AC007A0BAB /* Release */,
			);
			defaultConfigurationIsVisible = 0;
		};
		ADF59EB51E5C90AC007A0BAB /* Build configuration list for PBXNativeTarget "CUPUSUITests" */ = {
			isa = XCConfigurationList;
			buildConfigurations = (
				ADF59EB61E5C90AC007A0BAB /* Debug */,
				ADF59EB71E5C90AC007A0BAB /* Release */,
			);
			defaultConfigurationIsVisible = 0;
		};
/* End XCConfigurationList section */
	};
	rootObject = ADF59E7F1E5C90AB007A0BAB /* Project object */;
}
